
Microsoft Visual Studio Solution File, Format Version 12.00
# Visual Studio 15
VisualStudioVersion = 15.0.26730.15
MinimumVisualStudioVersion = 10.0.40219.1
Project("{FAE04EC0-301F-11D3-BF4B-00C04F79EFBC}") = "WIO", "WIO\WIO.csproj", "{6C5D670C-ADFF-43F9-A565-42E1872C0BD2}"
EndProject
Project("{FAE04EC0-301F-11D3-BF4B-00C04F79EFBC}") = "WIO.UnitTests", "WIO.UnitTests\WIO.UnitTests.csproj", "{B443F7BF-D62C-4614-9AEB-D65D54AAD43D}"
EndProject
Global
	GlobalSection(SolutionConfigurationPlatforms) = preSolution
		Debug|Any CPU = Debug|Any CPU
		Release|Any CPU = Release|Any CPU
	EndGlobalSection
	GlobalSection(ProjectConfigurationPlatforms) = postSolution
		{6C5D670C-ADFF-43F9-A565-42E1872C0BD2}.Debug|Any CPU.ActiveCfg = Debug|Any CPU
		{6C5D670C-ADFF-43F9-A565-42E1872C0BD2}.Debug|Any CPU.Build.0 = Debug|Any CPU
		{6C5D670C-ADFF-43F9-A565-42E1872C0BD2}.Release|Any CPU.ActiveCfg = Release|Any CPU
		{6C5D670C-ADFF-43F9-A565-42E1872C0BD2}.Release|Any CPU.Build.0 = Release|Any CPU
		{B443F7BF-D62C-4614-9AEB-D65D54AAD43D}.Debug|Any CPU.ActiveCfg = Debug|Any CPU
		{B443F7BF-D62C-4614-9AEB-D65D54AAD43D}.Debug|Any CPU.Build.0 = Debug|Any CPU
		{B443F7BF-D62C-4614-9AEB-D65D54AAD43D}.Release|Any CPU.ActiveCfg = Release|Any CPU
		{B443F7BF-D62C-4614-9AEB-D65D54AAD43D}.Release|Any CPU.Build.0 = Release|Any CPU
	EndGlobalSection
	GlobalSection(SolutionProperties) = preSolution
		HideSolutionNode = FALSE
	EndGlobalSection
	GlobalSection(ExtensibilityGlobals) = postSolution
		SolutionGuid = {180ED293-1F6C-4726-AAA0-95956361052D}
	EndGlobalSection
EndGlobal
